
Microsoft Visual Studio Solution File, Format Version 12.00
# Visual Studio 15
VisualStudioVersion = 15.0.27428.2011
MinimumVisualStudioVersion = 10.0.40219.1
Project("{2150E333-8FDC-42A3-9474-1A3956D46DE8}") = "1.IU", "1.IU", "{3F56BA12-CB82-4EF1-93DD-077D75DEED74}"
EndProject
Project("{2150E333-8FDC-42A3-9474-1A3956D46DE8}") = "2.BL", "2.BL", "{E56492E1-01C9-42BC-90C0-3C93AE515FEA}"
EndProject
Project("{2150E333-8FDC-42A3-9474-1A3956D46DE8}") = "3.DL", "3.DL", "{96BC2D9F-45F4-4CBA-9540-203CC7EC30F1}"
EndProject
Project("{2150E333-8FDC-42A3-9474-1A3956D46DE8}") = "4.SL", "4.SL", "{3F401EA2-3B08-4A27-966C-CBBBCCB4910A}"
EndProject
Project("{2150E333-8FDC-42A3-9474-1A3956D46DE8}") = "5.CL", "5.CL", "{2656752D-72E4-4223-8276-19C8E1F8FCB3}"
EndProject
Project("{FAE04EC0-301F-11D3-BF4B-00C04F79EFBC}") = "ConsoleApp", "ConsoleApp\ConsoleApp.csproj", "{71A8D860-F569-4666-840C-1F355B6D2DB4}"
EndProject
Project("{FAE04EC0-301F-11D3-BF4B-00C04F79EFBC}") = "Core", "Core\Core.csproj", "{5370510F-B957-49C7-BBE0-515E07B0F6DC}"
EndProject
Project("{FAE04EC0-301F-11D3-BF4B-00C04F79EFBC}") = "Data", "Data\Data.csproj", "{528BB5E4-A6D7-4B66-A44F-8919376E0654}"
EndProject
Project("{FAE04EC0-301F-11D3-BF4B-00C04F79EFBC}") = "Service", "Service\Service.csproj", "{71F72EA2-730F-4FDB-8C4E-8E148F17F99B}"
EndProject
Project("{FAE04EC0-301F-11D3-BF4B-00C04F79EFBC}") = "Common", "Common\Common.csproj", "{8F639AD4-9E7B-4BCB-8748-B6FB56C4B53B}"
EndProject
Global
	GlobalSection(SolutionConfigurationPlatforms) = preSolution
		Debug|Any CPU = Debug|Any CPU
		Release|Any CPU = Release|Any CPU
	EndGlobalSection
	GlobalSection(ProjectConfigurationPlatforms) = postSolution
		{71A8D860-F569-4666-840C-1F355B6D2DB4}.Debug|Any CPU.ActiveCfg = Debug|Any CPU
		{71A8D860-F569-4666-840C-1F355B6D2DB4}.Debug|Any CPU.Build.0 = Debug|Any CPU
		{71A8D860-F569-4666-840C-1F355B6D2DB4}.Release|Any CPU.ActiveCfg = Release|Any CPU
		{71A8D860-F569-4666-840C-1F355B6D2DB4}.Release|Any CPU.Build.0 = Release|Any CPU
		{5370510F-B957-49C7-BBE0-515E07B0F6DC}.Debug|Any CPU.ActiveCfg = Debug|Any CPU
		{5370510F-B957-49C7-BBE0-515E07B0F6DC}.Debug|Any CPU.Build.0 = Debug|Any CPU
		{5370510F-B957-49C7-BBE0-515E07B0F6DC}.Release|Any CPU.ActiveCfg = Release|Any CPU
		{5370510F-B957-49C7-BBE0-515E07B0F6DC}.Release|Any CPU.Build.0 = Release|Any CPU
		{528BB5E4-A6D7-4B66-A44F-8919376E0654}.Debug|Any CPU.ActiveCfg = Debug|Any CPU
		{528BB5E4-A6D7-4B66-A44F-8919376E0654}.Debug|Any CPU.Build.0 = Debug|Any CPU
		{528BB5E4-A6D7-4B66-A44F-8919376E0654}.Release|Any CPU.ActiveCfg = Release|Any CPU
		{528BB5E4-A6D7-4B66-A44F-8919376E0654}.Release|Any CPU.Build.0 = Release|Any CPU
		{71F72EA2-730F-4FDB-8C4E-8E148F17F99B}.Debug|Any CPU.ActiveCfg = Debug|Any CPU
		{71F72EA2-730F-4FDB-8C4E-8E148F17F99B}.Debug|Any CPU.Build.0 = Debug|Any CPU
		{71F72EA2-730F-4FDB-8C4E-8E148F17F99B}.Release|Any CPU.ActiveCfg = Release|Any CPU
		{71F72EA2-730F-4FDB-8C4E-8E148F17F99B}.Release|Any CPU.Build.0 = Release|Any CPU
		{8F639AD4-9E7B-4BCB-8748-B6FB56C4B53B}.Debug|Any CPU.ActiveCfg = Debug|Any CPU
		{8F639AD4-9E7B-4BCB-8748-B6FB56C4B53B}.Debug|Any CPU.Build.0 = Debug|Any CPU
		{8F639AD4-9E7B-4BCB-8748-B6FB56C4B53B}.Release|Any CPU.ActiveCfg = Release|Any CPU
		{8F639AD4-9E7B-4BCB-8748-B6FB56C4B53B}.Release|Any CPU.Build.0 = Release|Any CPU
	EndGlobalSection
	GlobalSection(SolutionProperties) = preSolution
		HideSolutionNode = FALSE
	EndGlobalSection
	GlobalSection(NestedProjects) = preSolution
		{71A8D860-F569-4666-840C-1F355B6D2DB4} = {3F56BA12-CB82-4EF1-93DD-077D75DEED74}
		{5370510F-B957-49C7-BBE0-515E07B0F6DC} = {E56492E1-01C9-42BC-90C0-3C93AE515FEA}
		{528BB5E4-A6D7-4B66-A44F-8919376E0654} = {96BC2D9F-45F4-4CBA-9540-203CC7EC30F1}
		{71F72EA2-730F-4FDB-8C4E-8E148F17F99B} = {3F401EA2-3B08-4A27-966C-CBBBCCB4910A}
		{8F639AD4-9E7B-4BCB-8748-B6FB56C4B53B} = {2656752D-72E4-4223-8276-19C8E1F8FCB3}
	EndGlobalSection
	GlobalSection(ExtensibilityGlobals) = postSolution
		SolutionGuid = {12337DD4-9710-4FCA-A005-FDE12AC7E412}
	EndGlobalSection
EndGlobal
